
Microsoft Visual Studio Solution File, Format Version 12.00
# Visual Studio Version 16
VisualStudioVersion = 16.0.32602.291
MinimumVisualStudioVersion = 10.0.40219.1
Project("{FAE04EC0-301F-11D3-BF4B-00C04F79EFBC}") = "VeiculosWebAppMvc", "VeiculosWebAppMvc\VeiculosWebAppMvc.csproj", "{B9CA2A65-086D-4657-B2D9-96E344DE6C63}"
EndProject
Global
	GlobalSection(SolutionConfigurationPlatforms) = preSolution
		Debug|Any CPU = Debug|Any CPU
		Release|Any CPU = Release|Any CPU
	EndGlobalSection
	GlobalSection(ProjectConfigurationPlatforms) = postSolution
		{B9CA2A65-086D-4657-B2D9-96E344DE6C63}.Debug|Any CPU.ActiveCfg = Debug|Any CPU
		{B9CA2A65-086D-4657-B2D9-96E344DE6C63}.Debug|Any CPU.Build.0 = Debug|Any CPU
		{B9CA2A65-086D-4657-B2D9-96E344DE6C63}.Release|Any CPU.ActiveCfg = Release|Any CPU
		{B9CA2A65-086D-4657-B2D9-96E344DE6C63}.Release|Any CPU.Build.0 = Release|Any CPU
	EndGlobalSection
	GlobalSection(SolutionProperties) = preSolution
		HideSolutionNode = FALSE
	EndGlobalSection
	GlobalSection(ExtensibilityGlobals) = postSolution
		SolutionGuid = {6B684FAF-2EE0-457F-9D41-4097548EC99C}
	EndGlobalSection
EndGlobal
